Microsoft Visual Studio Solution File, Format Version 12.00
# Visual Studio Version 17
VisualStudioVersion = 17.5.2.0
MinimumVisualStudioVersion = 10.0.40219.1
Project("{FAE04EC0-301F-11D3-BF4B-00C04F79EFBC}") = "ipk25chat-client", "src\ipk25chat-client.csproj", "{97937B53-8587-FBF0-8697-E4038BD9108C}"
EndProject
Global
	GlobalSection(SolutionConfigurationPlatforms) = preSolution
		Debug|Any CPU = Debug|Any CPU
		Release|Any CPU = Release|Any CPU
	EndGlobalSection
	GlobalSection(ProjectConfigurationPlatforms) = postSolution
		{97937B53-8587-FBF0-8697-E4038BD9108C}.Debug|Any CPU.ActiveCfg = Debug|Any CPU
		{97937B53-8587-FBF0-8697-E4038BD9108C}.Debug|Any CPU.Build.0 = Debug|Any CPU
		{97937B53-8587-FBF0-8697-E4038BD9108C}.Release|Any CPU.ActiveCfg = Release|Any CPU
		{97937B53-8587-FBF0-8697-E4038BD9108C}.Release|Any CPU.Build.0 = Release|Any CPU
	EndGlobalSection
	GlobalSection(SolutionProperties) = preSolution
		HideSolutionNode = FALSE
	EndGlobalSection
	GlobalSection(ExtensibilityGlobals) = postSolution
		SolutionGuid = {AE1F410B-8D65-40A5-B009-2B3CD5B1914C}
	EndGlobalSection
EndGlobal
